
Microsoft Visual Studio Solution File, Format Version 12.00
Project("{FAE04EC0-301F-11D3-BF4B-00C04F79EFBC}") = "DisplayOFF", "DisplayOFF\DisplayOFF.csproj", "{B8EAC7C1-DDBE-4E8D-B966-93441700F4F8}"
EndProject
Project("{FAE04EC0-301F-11D3-BF4B-00C04F79EFBC}") = "ConsoleApplication1", "ConsoleApplication1\ConsoleApplication1.csproj", "{54E66D3D-8235-4054-81AA-2DB741BCD198}"
EndProject
Global
	GlobalSection(SolutionConfigurationPlatforms) = preSolution
		Debug|Any CPU = Debug|Any CPU
		Release|Any CPU = Release|Any CPU
	EndGlobalSection
	GlobalSection(ProjectConfigurationPlatforms) = postSolution
		{B8EAC7C1-DDBE-4E8D-B966-93441700F4F8}.Debug|Any CPU.ActiveCfg = Debug|Any CPU
		{B8EAC7C1-DDBE-4E8D-B966-93441700F4F8}.Debug|Any CPU.Build.0 = Debug|Any CPU
		{B8EAC7C1-DDBE-4E8D-B966-93441700F4F8}.Release|Any CPU.ActiveCfg = Release|Any CPU
		{B8EAC7C1-DDBE-4E8D-B966-93441700F4F8}.Release|Any CPU.Build.0 = Release|Any CPU
		{54E66D3D-8235-4054-81AA-2DB741BCD198}.Debug|Any CPU.ActiveCfg = Debug|Any CPU
		{54E66D3D-8235-4054-81AA-2DB741BCD198}.Debug|Any CPU.Build.0 = Debug|Any CPU
		{54E66D3D-8235-4054-81AA-2DB741BCD198}.Release|Any CPU.ActiveCfg = Release|Any CPU
		{54E66D3D-8235-4054-81AA-2DB741BCD198}.Release|Any CPU.Build.0 = Release|Any CPU
	EndGlobalSection
EndGlobal
